
Microsoft Visual Studio Solution File, Format Version 12.00
# Visual Studio Version 17
VisualStudioVersion = 17.2.32526.322
MinimumVisualStudioVersion = 10.0.40219.1
Project("{FAE04EC0-301F-11D3-BF4B-00C04F79EFBC}") = "Savanna", "Savanna\Savanna.csproj", "{4E77D1B3-F73C-4BBD-89CA-02B495BB9521}"
EndProject
Global
	GlobalSection(SolutionConfigurationPlatforms) = preSolution
		Debug|Any CPU = Debug|Any CPU
		Release|Any CPU = Release|Any CPU
	EndGlobalSection
	GlobalSection(ProjectConfigurationPlatforms) = postSolution
		{4E77D1B3-F73C-4BBD-89CA-02B495BB9521}.Debug|Any CPU.ActiveCfg = Debug|Any CPU
		{4E77D1B3-F73C-4BBD-89CA-02B495BB9521}.Debug|Any CPU.Build.0 = Debug|Any CPU
		{4E77D1B3-F73C-4BBD-89CA-02B495BB9521}.Release|Any CPU.ActiveCfg = Release|Any CPU
		{4E77D1B3-F73C-4BBD-89CA-02B495BB9521}.Release|Any CPU.Build.0 = Release|Any CPU
	EndGlobalSection
	GlobalSection(SolutionProperties) = preSolution
		HideSolutionNode = FALSE
	EndGlobalSection
	GlobalSection(ExtensibilityGlobals) = postSolution
		SolutionGuid = {FDDF1C77-06B0-4400-A119-9B68E622717E}
	EndGlobalSection
EndGlobal
